{
    "version": 3,
    "terraform_version": "0.10.7",
    "serial": 11,
    "lineage": "9e3635c1-1d92-4807-a72f-1eb762cfb7d2",
    "modules": [
        {
            "path": [
                "root"
            ],
            "outputs": {
                "subnet1": {
                    "sensitive": false,
                    "type": "string",
                    "value": "subnet-e9c354b2"
                },
                "subnet2": {
                    "sensitive": false,
                    "type": "string",
                    "value": "subnet-668fc401"
                },
                "vpc_id": {
                    "sensitive": false,
                    "type": "string",
                    "value": "vpc-ae97cec9"
                }
            },
            "resources": {
                "aws_autoscaling_group.autosc_g_jbm": {
                    "type": "aws_autoscaling_group",
                    "depends_on": [
                        "aws_elb.elbjbm",
                        "aws_launch_configuration.launch_cfg_jbm",
                        "data.terraform_remote_state.rs_vpc"
                    ],
                    "primary": {
                        "id": "asg-lcjbm20171025134848723400000001",
                        "attributes": {
                            "arn": "arn:aws:autoscaling:eu-west-1:757350123744:autoScalingGroup:23fb85bc-7842-4ff2-91ad-ab88d728a309:autoScalingGroupName/asg-lcjbm20171025134848723400000001",
                            "availability_zones.#": "1",
                            "availability_zones.3953592328": "eu-west-1a",
                            "default_cooldown": "300",
                            "desired_capacity": "2",
                            "force_delete": "false",
                            "health_check_grace_period": "300",
                            "health_check_type": "EC2",
                            "id": "asg-lcjbm20171025134848723400000001",
                            "launch_configuration": "lcjbm20171025134848723400000001",
                            "load_balancers.#": "1",
                            "load_balancers.3809195291": "terraform-elbjbm",
                            "max_size": "2",
                            "metrics_granularity": "1Minute",
                            "min_size": "2",
                            "name": "asg-lcjbm20171025134848723400000001",
                            "placement_group": "",
                            "protect_from_scale_in": "false",
                            "suspended_processes.#": "0",
                            "tags.#": "1",
                            "tags.0.%": "3",
                            "tags.0.key": "Name",
                            "tags.0.propagate_at_launch": "1",
                            "tags.0.value": "autoscaledserver",
                            "target_group_arns.#": "0",
                            "termination_policies.#": "0",
                            "vpc_zone_identifier.#": "1",
                            "vpc_zone_identifier.452405491": "subnet-e9c354b2",
                            "wait_for_capacity_timeout": "10m"
                        },
                        "meta": {
                            "e2bfb730-ecaa-11e6-8f88-34363bc7c4c0": {
                                "delete": 600000000000
                            }
                        },
                        "tainted": false
                    },
                    "deposed": [],
                    "provider": ""
                },
                "aws_elb.elbjbm": {
                    "type": "aws_elb",
                    "depends_on": [
                        "data.terraform_remote_state.rs_vpc"
                    ],
                    "primary": {
                        "id": "terraform-elbjbm",
                        "attributes": {
                            "access_logs.#": "0",
                            "availability_zones.#": "1",
                            "availability_zones.3953592328": "eu-west-1a",
                            "connection_draining": "false",
                            "connection_draining_timeout": "300",
                            "cross_zone_load_balancing": "true",
                            "dns_name": "terraform-elbjbm-1959083477.eu-west-1.elb.amazonaws.com",
                            "health_check.#": "1",
                            "health_check.0.healthy_threshold": "2",
                            "health_check.0.interval": "5",
                            "health_check.0.target": "HTTP:80/",
                            "health_check.0.timeout": "2",
                            "health_check.0.unhealthy_threshold": "2",
                            "id": "terraform-elbjbm",
                            "idle_timeout": "60",
                            "instances.#": "2",
                            "instances.2827437057": "i-0128a8f8d2feefbbc",
                            "instances.294524573": "i-0dfc4151739f97f6f",
                            "internal": "false",
                            "listener.#": "1",
                            "listener.3057123346.instance_port": "80",
                            "listener.3057123346.instance_protocol": "http",
                            "listener.3057123346.lb_port": "80",
                            "listener.3057123346.lb_protocol": "http",
                            "listener.3057123346.ssl_certificate_id": "",
                            "name": "terraform-elbjbm",
                            "security_groups.#": "1",
                            "security_groups.466324097": "sg-f0a75c8b",
                            "source_security_group": "757350123744/allow_http",
                            "source_security_group_id": "sg-f0a75c8b",
                            "subnets.#": "1",
                            "subnets.452405491": "subnet-e9c354b2",
                            "tags.%": "0",
                            "zone_id": "Z32O12XQLNTSW2"
                        },
                        "meta": {},
                        "tainted": false
                    },
                    "deposed": [],
                    "provider": ""
                },
                "aws_launch_configuration.launch_cfg_jbm": {
                    "type": "aws_launch_configuration",
                    "depends_on": [
                        "data.aws_ami.ubuntu",
                        "data.template_file.userdatajbm",
                        "data.terraform_remote_state.rs_vpc"
                    ],
                    "primary": {
                        "id": "lcjbm20171025134848723400000001",
                        "attributes": {
                            "associate_public_ip_address": "false",
                            "ebs_block_device.#": "0",
                            "ebs_optimized": "false",
                            "enable_monitoring": "true",
                            "ephemeral_block_device.#": "0",
                            "iam_instance_profile": "",
                            "id": "lcjbm20171025134848723400000001",
                            "image_id": "ami-eed00d97",
                            "instance_type": "t2.micro",
                            "key_name": "JBM",
                            "name": "lcjbm20171025134848723400000001",
                            "name_prefix": "lcjbm",
                            "root_block_device.#": "0",
                            "security_groups.#": "1",
                            "security_groups.466324097": "sg-f0a75c8b",
                            "spot_price": "",
                            "user_data": "c5f1f4335f63689554991d0a2a99cadc757c8ffd",
                            "vpc_classic_link_id": "",
                            "vpc_classic_link_security_groups.#": "0"
                        },
                        "meta": {},
                        "tainted": false
                    },
                    "deposed": [],
                    "provider": ""
                },
                "data.aws_ami.ubuntu": {
                    "type": "aws_ami",
                    "depends_on": [],
                    "primary": {
                        "id": "ami-eed00d97",
                        "attributes": {
                            "architecture": "x86_64",
                            "block_device_mappings.#": "3",
                            "block_device_mappings.1634610537.device_name": "/dev/sdb",
                            "block_device_mappings.1634610537.ebs.%": "0",
                            "block_device_mappings.1634610537.no_device": "",
                            "block_device_mappings.1634610537.virtual_name": "ephemeral0",
                            "block_device_mappings.2547816212.device_name": "/dev/sda1",
                            "block_device_mappings.2547816212.ebs.%": "6",
                            "block_device_mappings.2547816212.ebs.delete_on_termination": "true",
                            "block_device_mappings.2547816212.ebs.encrypted": "false",
                            "block_device_mappings.2547816212.ebs.iops": "0",
                            "block_device_mappings.2547816212.ebs.snapshot_id": "snap-081f2b4abff1a8f45",
                            "block_device_mappings.2547816212.ebs.volume_size": "8",
                            "block_device_mappings.2547816212.ebs.volume_type": "gp2",
                            "block_device_mappings.2547816212.no_device": "",
                            "block_device_mappings.2547816212.virtual_name": "",
                            "block_device_mappings.3850042718.device_name": "/dev/sdc",
                            "block_device_mappings.3850042718.ebs.%": "0",
                            "block_device_mappings.3850042718.no_device": "",
                            "block_device_mappings.3850042718.virtual_name": "ephemeral1",
                            "creation_date": "2017-10-13T19:37:12.000Z",
                            "description": "Canonical, Ubuntu, 16.04 LTS, amd64 xenial image build on 2017-10-11",
                            "filter.#": "2",
                            "filter.1585153008.name": "name",
                            "filter.1585153008.values.#": "1",
                            "filter.1585153008.values.0": "ubuntu/images/hvm-ssd/ubuntu-xenial-16.04-amd64-server-*",
                            "filter.490168357.name": "virtualization-type",
                            "filter.490168357.values.#": "1",
                            "filter.490168357.values.0": "hvm",
                            "hypervisor": "xen",
                            "id": "ami-eed00d97",
                            "image_id": "ami-eed00d97",
                            "image_location": "099720109477/ubuntu/images/hvm-ssd/ubuntu-xenial-16.04-amd64-server-20171011",
                            "image_type": "machine",
                            "most_recent": "true",
                            "name": "ubuntu/images/hvm-ssd/ubuntu-xenial-16.04-amd64-server-20171011",
                            "owner_id": "099720109477",
                            "owners.#": "1",
                            "owners.0": "099720109477",
                            "product_codes.#": "0",
                            "public": "true",
                            "root_device_name": "/dev/sda1",
                            "root_device_type": "ebs",
                            "root_snapshot_id": "snap-081f2b4abff1a8f45",
                            "sriov_net_support": "simple",
                            "state": "available",
                            "state_reason.%": "2",
                            "state_reason.code": "UNSET",
                            "state_reason.message": "UNSET",
                            "tags.%": "0",
                            "virtualization_type": "hvm"
                        },
                        "meta": {},
                        "tainted": false
                    },
                    "deposed": [],
                    "provider": ""
                },
                "data.template_file.userdatajbm": {
                    "type": "template_file",
                    "depends_on": [],
                    "primary": {
                        "id": "a4dd01b747a2dfc97421b4cf4068f4b35f5232927c8da32ef005730671260236",
                        "attributes": {
                            "id": "a4dd01b747a2dfc97421b4cf4068f4b35f5232927c8da32ef005730671260236",
                            "rendered": "#!/usr/bin/env bash\n\napt-get update -q\napt-get upgrade -y\napt-get install -y git nginx\nrm /etc/nginx/sites-enabled/default \ncat \u003e /etc/nginx/conf.d/webapp.conf \u003c\u003cEOF\nserver {\n    listen 80;\n    server_name _;\n    root /var/webapp;\n}\nEOF\n\n\nHOST=`hostname`\ngit clone https://github.com/d2si/webapp.git /var/webapp\nsed -i \"s#everybody#jbm at $HOST#\" /var/webapp/index.html\nsystemctl restart nginx\n#service nginx restart\n",
                            "template": "#!/usr/bin/env bash\n\napt-get update -q\napt-get upgrade -y\napt-get install -y git nginx\nrm /etc/nginx/sites-enabled/default \ncat \u003e /etc/nginx/conf.d/webapp.conf \u003c\u003cEOF\nserver {\n    listen 80;\n    server_name _;\n    root /var/webapp;\n}\nEOF\n\n\nHOST=`hostname`\ngit clone https://github.com/d2si/webapp.git /var/webapp\nsed -i \"s#everybody#${username} at $HOST#\" /var/webapp/index.html\nsystemctl restart nginx\n#service nginx restart\n",
                            "vars.%": "1",
                            "vars.username": "jbm"
                        },
                        "meta": {},
                        "tainted": false
                    },
                    "deposed": [],
                    "provider": ""
                },
                "data.terraform_remote_state.rs_vpc": {
                    "type": "terraform_remote_state",
                    "depends_on": [],
                    "primary": {
                        "id": "2017-10-25 14:13:35.243432776 +0000 UTC",
                        "attributes": {
                            "backend": "s3",
                            "config.%": "3",
                            "config.bucket": "jbm-tfstate",
                            "config.key": "vpc2/terraform.tfstate",
                            "config.region": "eu-west-1",
                            "environment": "default",
                            "id": "2017-10-25 14:13:35.243432776 +0000 UTC",
                            "sgjbm": "sg-f0a75c8b",
                            "subnet1": "subnet-e9c354b2",
                            "subnet2": "subnet-668fc401",
                            "vpc_id": "vpc-ae97cec9"
                        },
                        "meta": {},
                        "tainted": false
                    },
                    "deposed": [],
                    "provider": ""
                }
            },
            "depends_on": []
        }
    ]
}
