{
    "version": 3,
    "terraform_version": "0.10.7",
    "serial": 6,
    "lineage": "6ceb9934-75c3-4681-891a-94a66f6d9141",
    "modules": [
        {
            "path": [
                "root"
            ],
            "outputs": {
                "sgjbm": {
                    "sensitive": false,
                    "type": "string",
                    "value": "sg-4569913e"
                },
                "subnet1": {
                    "sensitive": false,
                    "type": "string",
                    "value": "subnet-9e2bbfc5"
                },
                "subnet2": {
                    "sensitive": false,
                    "type": "string",
                    "value": "subnet-73642f14"
                },
                "vpc_id": {
                    "sensitive": false,
                    "type": "string",
                    "value": "vpc-43683124"
                }
            },
            "resources": {
                "aws_internet_gateway.gateway_jbmtest": {
                    "type": "aws_internet_gateway",
                    "depends_on": [
                        "aws_vpc.aws_jbmtest"
                    ],
                    "primary": {
                        "id": "igw-f12acc96",
                        "attributes": {
                            "id": "igw-f12acc96",
                            "vpc_id": "vpc-43683124"
                        },
                        "meta": {},
                        "tainted": false
                    },
                    "deposed": [],
                    "provider": ""
                },
                "aws_route_table.route_internet": {
                    "type": "aws_route_table",
                    "depends_on": [
                        "aws_internet_gateway.gateway_jbmtest",
                        "aws_vpc.aws_jbmtest"
                    ],
                    "primary": {
                        "id": "rtb-9139b2f7",
                        "attributes": {
                            "id": "rtb-9139b2f7",
                            "propagating_vgws.#": "0",
                            "route.#": "1",
                            "route.1403449264.cidr_block": "0.0.0.0/0",
                            "route.1403449264.egress_only_gateway_id": "",
                            "route.1403449264.gateway_id": "igw-f12acc96",
                            "route.1403449264.instance_id": "",
                            "route.1403449264.ipv6_cidr_block": "",
                            "route.1403449264.nat_gateway_id": "",
                            "route.1403449264.network_interface_id": "",
                            "route.1403449264.vpc_peering_connection_id": "",
                            "tags.%": "0",
                            "vpc_id": "vpc-43683124"
                        },
                        "meta": {},
                        "tainted": false
                    },
                    "deposed": [],
                    "provider": ""
                },
                "aws_route_table_association.route_subnet1": {
                    "type": "aws_route_table_association",
                    "depends_on": [
                        "aws_route_table.route_internet",
                        "aws_subnet.pubnet1"
                    ],
                    "primary": {
                        "id": "rtbassoc-b77b17ce",
                        "attributes": {
                            "id": "rtbassoc-b77b17ce",
                            "route_table_id": "rtb-9139b2f7",
                            "subnet_id": "subnet-9e2bbfc5"
                        },
                        "meta": {},
                        "tainted": false
                    },
                    "deposed": [],
                    "provider": ""
                },
                "aws_route_table_association.route_subnet2": {
                    "type": "aws_route_table_association",
                    "depends_on": [
                        "aws_route_table.route_internet",
                        "aws_subnet.pubnet2"
                    ],
                    "primary": {
                        "id": "rtbassoc-e9741890",
                        "attributes": {
                            "id": "rtbassoc-e9741890",
                            "route_table_id": "rtb-9139b2f7",
                            "subnet_id": "subnet-73642f14"
                        },
                        "meta": {},
                        "tainted": false
                    },
                    "deposed": [],
                    "provider": ""
                },
                "aws_security_group.allow_http": {
                    "type": "aws_security_group",
                    "depends_on": [
                        "aws_vpc.aws_jbmtest"
                    ],
                    "primary": {
                        "id": "sg-4569913e",
                        "attributes": {
                            "description": "Allow all http traffic",
                            "egress.#": "1",
                            "egress.482069346.cidr_blocks.#": "1",
                            "egress.482069346.cidr_blocks.0": "0.0.0.0/0",
                            "egress.482069346.description": "",
                            "egress.482069346.from_port": "0",
                            "egress.482069346.ipv6_cidr_blocks.#": "0",
                            "egress.482069346.prefix_list_ids.#": "0",
                            "egress.482069346.protocol": "-1",
                            "egress.482069346.security_groups.#": "0",
                            "egress.482069346.self": "false",
                            "egress.482069346.to_port": "0",
                            "id": "sg-4569913e",
                            "ingress.#": "2",
                            "ingress.2214680975.cidr_blocks.#": "1",
                            "ingress.2214680975.cidr_blocks.0": "0.0.0.0/0",
                            "ingress.2214680975.description": "",
                            "ingress.2214680975.from_port": "80",
                            "ingress.2214680975.ipv6_cidr_blocks.#": "0",
                            "ingress.2214680975.protocol": "TCP",
                            "ingress.2214680975.security_groups.#": "0",
                            "ingress.2214680975.self": "false",
                            "ingress.2214680975.to_port": "80",
                            "ingress.2541437006.cidr_blocks.#": "1",
                            "ingress.2541437006.cidr_blocks.0": "0.0.0.0/0",
                            "ingress.2541437006.description": "",
                            "ingress.2541437006.from_port": "22",
                            "ingress.2541437006.ipv6_cidr_blocks.#": "0",
                            "ingress.2541437006.protocol": "TCP",
                            "ingress.2541437006.security_groups.#": "0",
                            "ingress.2541437006.self": "false",
                            "ingress.2541437006.to_port": "22",
                            "name": "allow_http",
                            "owner_id": "757350123744",
                            "tags.%": "0",
                            "vpc_id": "vpc-43683124"
                        },
                        "meta": {},
                        "tainted": false
                    },
                    "deposed": [],
                    "provider": ""
                },
                "aws_subnet.pubnet1": {
                    "type": "aws_subnet",
                    "depends_on": [
                        "aws_vpc.aws_jbmtest"
                    ],
                    "primary": {
                        "id": "subnet-9e2bbfc5",
                        "attributes": {
                            "assign_ipv6_address_on_creation": "false",
                            "availability_zone": "eu-west-1a",
                            "cidr_block": "172.23.5.0/24",
                            "id": "subnet-9e2bbfc5",
                            "map_public_ip_on_launch": "false",
                            "tags.%": "0",
                            "vpc_id": "vpc-43683124"
                        },
                        "meta": {
                            "schema_version": "1"
                        },
                        "tainted": false
                    },
                    "deposed": [],
                    "provider": ""
                },
                "aws_subnet.pubnet2": {
                    "type": "aws_subnet",
                    "depends_on": [
                        "aws_vpc.aws_jbmtest"
                    ],
                    "primary": {
                        "id": "subnet-73642f14",
                        "attributes": {
                            "assign_ipv6_address_on_creation": "false",
                            "availability_zone": "eu-west-1b",
                            "cidr_block": "172.23.2.0/24",
                            "id": "subnet-73642f14",
                            "map_public_ip_on_launch": "false",
                            "tags.%": "0",
                            "vpc_id": "vpc-43683124"
                        },
                        "meta": {
                            "schema_version": "1"
                        },
                        "tainted": false
                    },
                    "deposed": [],
                    "provider": ""
                },
                "aws_vpc.aws_jbmtest": {
                    "type": "aws_vpc",
                    "depends_on": [],
                    "primary": {
                        "id": "vpc-43683124",
                        "attributes": {
                            "assign_generated_ipv6_cidr_block": "false",
                            "cidr_block": "172.23.0.0/16",
                            "default_network_acl_id": "acl-b5bb45d3",
                            "default_route_table_id": "rtb-0b32b96d",
                            "default_security_group_id": "sg-4b6e9630",
                            "dhcp_options_id": "dopt-8503dce0",
                            "enable_classiclink": "false",
                            "enable_classiclink_dns_support": "false",
                            "enable_dns_hostnames": "false",
                            "enable_dns_support": "true",
                            "id": "vpc-43683124",
                            "instance_tenancy": "default",
                            "main_route_table_id": "rtb-0b32b96d",
                            "tags.%": "1",
                            "tags.Name": "vpcjbm"
                        },
                        "meta": {
                            "schema_version": "1"
                        },
                        "tainted": false
                    },
                    "deposed": [],
                    "provider": ""
                }
            },
            "depends_on": []
        }
    ]
}
