{
    "version": 3,
    "terraform_version": "0.10.7",
    "serial": 30,
    "lineage": "1786775e-94bf-4060-bc67-79f03e7a7549",
    "modules": [
        {
            "path": [
                "root"
            ],
            "outputs": {
                "subid": {
                    "sensitive": false,
                    "type": "string",
                    "value": "subnet-beda3791"
                }
            },
            "resources": {
                "aws_internet_gateway.gw": {
                    "type": "aws_internet_gateway",
                    "depends_on": [
                        "aws_vpc.mainjbm"
                    ],
                    "primary": {
                        "id": "igw-88c768f1",
                        "attributes": {
                            "id": "igw-88c768f1",
                            "tags.%": "1",
                            "tags.Name": "mainjbm",
                            "vpc_id": "vpc-61875f19"
                        },
                        "meta": {},
                        "tainted": false
                    },
                    "deposed": [],
                    "provider": ""
                },
                "aws_network_interface.interfacejbm": {
                    "type": "aws_network_interface",
                    "depends_on": [
                        "aws_subnet.mainjbm"
                    ],
                    "primary": {
                        "id": "eni-5601f9db",
                        "attributes": {
                            "attachment.#": "0",
                            "description": "",
                            "id": "eni-5601f9db",
                            "private_dns_name": "",
                            "private_ip": "172.23.1.4",
                            "private_ips.#": "1",
                            "private_ips.2521166953": "172.23.1.4",
                            "security_groups.#": "1",
                            "security_groups.3378516101": "sg-af710ddd",
                            "source_dest_check": "true",
                            "subnet_id": "subnet-beda3791",
                            "tags.%": "1",
                            "tags.Name": "primary_network_interface"
                        },
                        "meta": {},
                        "tainted": false
                    },
                    "deposed": [],
                    "provider": ""
                },
                "aws_route_table.r_jbm": {
                    "type": "aws_route_table",
                    "depends_on": [
                        "aws_internet_gateway.gw",
                        "aws_vpc.mainjbm"
                    ],
                    "primary": {
                        "id": "rtb-40e6903a",
                        "attributes": {
                            "id": "rtb-40e6903a",
                            "propagating_vgws.#": "0",
                            "route.#": "1",
                            "route.3924637442.cidr_block": "0.0.0.0/0",
                            "route.3924637442.egress_only_gateway_id": "",
                            "route.3924637442.gateway_id": "igw-88c768f1",
                            "route.3924637442.instance_id": "",
                            "route.3924637442.ipv6_cidr_block": "",
                            "route.3924637442.nat_gateway_id": "",
                            "route.3924637442.network_interface_id": "",
                            "route.3924637442.vpc_peering_connection_id": "",
                            "tags.%": "1",
                            "tags.Name": "mainjbm",
                            "vpc_id": "vpc-61875f19"
                        },
                        "meta": {},
                        "tainted": false
                    },
                    "deposed": [],
                    "provider": ""
                },
                "aws_route_table_association.a": {
                    "type": "aws_route_table_association",
                    "depends_on": [
                        "aws_route_table.r_jbm",
                        "aws_subnet.mainjbm"
                    ],
                    "primary": {
                        "id": "rtbassoc-ee2efc93",
                        "attributes": {
                            "id": "rtbassoc-ee2efc93",
                            "route_table_id": "rtb-40e6903a",
                            "subnet_id": "subnet-beda3791"
                        },
                        "meta": {},
                        "tainted": false
                    },
                    "deposed": [],
                    "provider": ""
                },
                "aws_security_group.allow_all": {
                    "type": "aws_security_group",
                    "depends_on": [
                        "aws_vpc.mainjbm"
                    ],
                    "primary": {
                        "id": "sg-25760a57",
                        "attributes": {
                            "description": "Allow all inbound traffic",
                            "egress.#": "1",
                            "egress.482069346.cidr_blocks.#": "1",
                            "egress.482069346.cidr_blocks.0": "0.0.0.0/0",
                            "egress.482069346.description": "",
                            "egress.482069346.from_port": "0",
                            "egress.482069346.ipv6_cidr_blocks.#": "0",
                            "egress.482069346.prefix_list_ids.#": "0",
                            "egress.482069346.protocol": "-1",
                            "egress.482069346.security_groups.#": "0",
                            "egress.482069346.self": "false",
                            "egress.482069346.to_port": "0",
                            "id": "sg-25760a57",
                            "ingress.#": "2",
                            "ingress.2214680975.cidr_blocks.#": "1",
                            "ingress.2214680975.cidr_blocks.0": "0.0.0.0/0",
                            "ingress.2214680975.description": "",
                            "ingress.2214680975.from_port": "80",
                            "ingress.2214680975.ipv6_cidr_blocks.#": "0",
                            "ingress.2214680975.protocol": "tcp",
                            "ingress.2214680975.security_groups.#": "0",
                            "ingress.2214680975.self": "false",
                            "ingress.2214680975.to_port": "80",
                            "ingress.2541437006.cidr_blocks.#": "1",
                            "ingress.2541437006.cidr_blocks.0": "0.0.0.0/0",
                            "ingress.2541437006.description": "",
                            "ingress.2541437006.from_port": "22",
                            "ingress.2541437006.ipv6_cidr_blocks.#": "0",
                            "ingress.2541437006.protocol": "tcp",
                            "ingress.2541437006.security_groups.#": "0",
                            "ingress.2541437006.self": "false",
                            "ingress.2541437006.to_port": "22",
                            "name": "allow_all",
                            "owner_id": "757350123744",
                            "tags.%": "0",
                            "vpc_id": "vpc-61875f19"
                        },
                        "meta": {},
                        "tainted": false
                    },
                    "deposed": [],
                    "provider": ""
                },
                "aws_subnet.mainjbm": {
                    "type": "aws_subnet",
                    "depends_on": [
                        "aws_vpc.mainjbm"
                    ],
                    "primary": {
                        "id": "subnet-beda3791",
                        "attributes": {
                            "assign_ipv6_address_on_creation": "false",
                            "availability_zone": "us-east-1a",
                            "cidr_block": "172.23.1.0/24",
                            "id": "subnet-beda3791",
                            "map_public_ip_on_launch": "true",
                            "tags.%": "1",
                            "tags.Name": "Mainjbm",
                            "vpc_id": "vpc-61875f19"
                        },
                        "meta": {
                            "schema_version": "1"
                        },
                        "tainted": false
                    },
                    "deposed": [],
                    "provider": ""
                },
                "aws_subnet.mainjbm2": {
                    "type": "aws_subnet",
                    "depends_on": [
                        "aws_vpc.mainjbm"
                    ],
                    "primary": {
                        "id": "subnet-98f956d3",
                        "attributes": {
                            "assign_ipv6_address_on_creation": "false",
                            "availability_zone": "us-east-1b",
                            "cidr_block": "172.23.2.0/24",
                            "id": "subnet-98f956d3",
                            "map_public_ip_on_launch": "false",
                            "tags.%": "1",
                            "tags.Name": "Mainjbm2",
                            "vpc_id": "vpc-61875f19"
                        },
                        "meta": {
                            "schema_version": "1"
                        },
                        "tainted": false
                    },
                    "deposed": [],
                    "provider": ""
                },
                "aws_vpc.mainjbm": {
                    "type": "aws_vpc",
                    "depends_on": [],
                    "primary": {
                        "id": "vpc-61875f19",
                        "attributes": {
                            "assign_generated_ipv6_cidr_block": "false",
                            "cidr_block": "172.23.0.0/16",
                            "default_network_acl_id": "acl-e675289e",
                            "default_route_table_id": "rtb-06f1877c",
                            "default_security_group_id": "sg-af710ddd",
                            "dhcp_options_id": "dopt-989b0efd",
                            "enable_classiclink": "false",
                            "enable_classiclink_dns_support": "false",
                            "enable_dns_hostnames": "false",
                            "enable_dns_support": "true",
                            "id": "vpc-61875f19",
                            "instance_tenancy": "dedicated",
                            "main_route_table_id": "rtb-06f1877c",
                            "tags.%": "1",
                            "tags.Name": "mainjbm"
                        },
                        "meta": {
                            "schema_version": "1"
                        },
                        "tainted": false
                    },
                    "deposed": [],
                    "provider": ""
                },
                "data.aws_ami.ubuntu": {
                    "type": "aws_ami",
                    "depends_on": [],
                    "primary": {
                        "id": "ami-bcdc16c6",
                        "attributes": {
                            "architecture": "x86_64",
                            "block_device_mappings.#": "3",
                            "block_device_mappings.1634610537.device_name": "/dev/sdb",
                            "block_device_mappings.1634610537.ebs.%": "0",
                            "block_device_mappings.1634610537.no_device": "",
                            "block_device_mappings.1634610537.virtual_name": "ephemeral0",
                            "block_device_mappings.2547816212.device_name": "/dev/sda1",
                            "block_device_mappings.2547816212.ebs.%": "6",
                            "block_device_mappings.2547816212.ebs.delete_on_termination": "true",
                            "block_device_mappings.2547816212.ebs.encrypted": "false",
                            "block_device_mappings.2547816212.ebs.iops": "0",
                            "block_device_mappings.2547816212.ebs.snapshot_id": "snap-0997ea5e2033a7f2b",
                            "block_device_mappings.2547816212.ebs.volume_size": "8",
                            "block_device_mappings.2547816212.ebs.volume_type": "gp2",
                            "block_device_mappings.2547816212.no_device": "",
                            "block_device_mappings.2547816212.virtual_name": "",
                            "block_device_mappings.3850042718.device_name": "/dev/sdc",
                            "block_device_mappings.3850042718.ebs.%": "0",
                            "block_device_mappings.3850042718.no_device": "",
                            "block_device_mappings.3850042718.virtual_name": "ephemeral1",
                            "creation_date": "2017-10-13T19:36:50.000Z",
                            "description": "Canonical, Ubuntu, 16.04 LTS, amd64 xenial image build on 2017-10-11",
                            "filter.#": "2",
                            "filter.1585153008.name": "name",
                            "filter.1585153008.values.#": "1",
                            "filter.1585153008.values.0": "ubuntu/images/hvm-ssd/ubuntu-xenial-16.04-amd64-server-*",
                            "filter.490168357.name": "virtualization-type",
                            "filter.490168357.values.#": "1",
                            "filter.490168357.values.0": "hvm",
                            "hypervisor": "xen",
                            "id": "ami-bcdc16c6",
                            "image_id": "ami-bcdc16c6",
                            "image_location": "099720109477/ubuntu/images/hvm-ssd/ubuntu-xenial-16.04-amd64-server-20171011",
                            "image_type": "machine",
                            "most_recent": "true",
                            "name": "ubuntu/images/hvm-ssd/ubuntu-xenial-16.04-amd64-server-20171011",
                            "owner_id": "099720109477",
                            "owners.#": "1",
                            "owners.0": "099720109477",
                            "product_codes.#": "0",
                            "public": "true",
                            "root_device_name": "/dev/sda1",
                            "root_device_type": "ebs",
                            "root_snapshot_id": "snap-0997ea5e2033a7f2b",
                            "sriov_net_support": "simple",
                            "state": "available",
                            "state_reason.%": "2",
                            "state_reason.code": "UNSET",
                            "state_reason.message": "UNSET",
                            "tags.%": "0",
                            "virtualization_type": "hvm"
                        },
                        "meta": {},
                        "tainted": false
                    },
                    "deposed": [],
                    "provider": ""
                },
                "data.template_file.JBMSCRIPT": {
                    "type": "template_file",
                    "depends_on": [],
                    "primary": {
                        "id": "fcec5b78821f02863b5881b8a75e0599d499a594d61a6f4d40383dcab6e67d6f",
                        "attributes": {
                            "id": "fcec5b78821f02863b5881b8a75e0599d499a594d61a6f4d40383dcab6e67d6f",
                            "rendered": "#!/bin/bash\n\napt-get update -y\napt-get install nginx git -y\n\n",
                            "template": "#!/bin/bash\n\napt-get update -y\napt-get install nginx git -y\n\n"
                        },
                        "meta": {},
                        "tainted": false
                    },
                    "deposed": [],
                    "provider": ""
                }
            },
            "depends_on": []
        }
    ]
}
