{
    "version": 3,
    "terraform_version": "0.10.7",
    "serial": 7,
    "lineage": "a7e7f44d-1ce9-4a05-abf7-d2acaa4e13b8",
    "modules": [
        {
            "path": [
                "root"
            ],
            "outputs": {
                "sgjbm": {
                    "sensitive": false,
                    "type": "string",
                    "value": "sg-6b9a6110"
                },
                "subnet1": {
                    "sensitive": false,
                    "type": "string",
                    "value": "subnet-25c2557e"
                },
                "subnet2": {
                    "sensitive": false,
                    "type": "string",
                    "value": "subnet-f58cc792"
                },
                "vpc_id": {
                    "sensitive": false,
                    "type": "string",
                    "value": "vpc-f88bd29f"
                }
            },
            "resources": {
                "aws_internet_gateway.gateway_jbmtest": {
                    "type": "aws_internet_gateway",
                    "depends_on": [
                        "aws_vpc.aws_jbmtest"
                    ],
                    "primary": {
                        "id": "igw-3739df50",
                        "attributes": {
                            "id": "igw-3739df50",
                            "vpc_id": "vpc-f88bd29f"
                        },
                        "meta": {},
                        "tainted": false
                    },
                    "deposed": [],
                    "provider": ""
                },
                "aws_route_table.route_internet": {
                    "type": "aws_route_table",
                    "depends_on": [
                        "aws_internet_gateway.gateway_jbmtest",
                        "aws_vpc.aws_jbmtest"
                    ],
                    "primary": {
                        "id": "rtb-31d05a57",
                        "attributes": {
                            "id": "rtb-31d05a57",
                            "propagating_vgws.#": "0",
                            "route.#": "1",
                            "route.2500303824.cidr_block": "0.0.0.0/0",
                            "route.2500303824.egress_only_gateway_id": "",
                            "route.2500303824.gateway_id": "igw-3739df50",
                            "route.2500303824.instance_id": "",
                            "route.2500303824.ipv6_cidr_block": "",
                            "route.2500303824.nat_gateway_id": "",
                            "route.2500303824.network_interface_id": "",
                            "route.2500303824.vpc_peering_connection_id": "",
                            "tags.%": "0",
                            "vpc_id": "vpc-f88bd29f"
                        },
                        "meta": {},
                        "tainted": false
                    },
                    "deposed": [],
                    "provider": ""
                },
                "aws_route_table_association.route_subnet1": {
                    "type": "aws_route_table_association",
                    "depends_on": [
                        "aws_route_table.route_internet",
                        "aws_subnet.pubnet1"
                    ],
                    "primary": {
                        "id": "rtbassoc-b7a7cbce",
                        "attributes": {
                            "id": "rtbassoc-b7a7cbce",
                            "route_table_id": "rtb-31d05a57",
                            "subnet_id": "subnet-25c2557e"
                        },
                        "meta": {},
                        "tainted": false
                    },
                    "deposed": [],
                    "provider": ""
                },
                "aws_route_table_association.route_subnet2": {
                    "type": "aws_route_table_association",
                    "depends_on": [
                        "aws_route_table.route_internet",
                        "aws_subnet.pubnet2"
                    ],
                    "primary": {
                        "id": "rtbassoc-faabc783",
                        "attributes": {
                            "id": "rtbassoc-faabc783",
                            "route_table_id": "rtb-31d05a57",
                            "subnet_id": "subnet-f58cc792"
                        },
                        "meta": {},
                        "tainted": false
                    },
                    "deposed": [],
                    "provider": ""
                },
                "aws_security_group.allow_http": {
                    "type": "aws_security_group",
                    "depends_on": [
                        "aws_vpc.aws_jbmtest"
                    ],
                    "primary": {
                        "id": "sg-6b9a6110",
                        "attributes": {
                            "description": "Allow all http traffic",
                            "egress.#": "1",
                            "egress.482069346.cidr_blocks.#": "1",
                            "egress.482069346.cidr_blocks.0": "0.0.0.0/0",
                            "egress.482069346.description": "",
                            "egress.482069346.from_port": "0",
                            "egress.482069346.ipv6_cidr_blocks.#": "0",
                            "egress.482069346.prefix_list_ids.#": "0",
                            "egress.482069346.protocol": "-1",
                            "egress.482069346.security_groups.#": "0",
                            "egress.482069346.self": "false",
                            "egress.482069346.to_port": "0",
                            "id": "sg-6b9a6110",
                            "ingress.#": "2",
                            "ingress.2214680975.cidr_blocks.#": "1",
                            "ingress.2214680975.cidr_blocks.0": "0.0.0.0/0",
                            "ingress.2214680975.description": "",
                            "ingress.2214680975.from_port": "80",
                            "ingress.2214680975.ipv6_cidr_blocks.#": "0",
                            "ingress.2214680975.protocol": "TCP",
                            "ingress.2214680975.security_groups.#": "0",
                            "ingress.2214680975.self": "false",
                            "ingress.2214680975.to_port": "80",
                            "ingress.2541437006.cidr_blocks.#": "1",
                            "ingress.2541437006.cidr_blocks.0": "0.0.0.0/0",
                            "ingress.2541437006.description": "",
                            "ingress.2541437006.from_port": "22",
                            "ingress.2541437006.ipv6_cidr_blocks.#": "0",
                            "ingress.2541437006.protocol": "TCP",
                            "ingress.2541437006.security_groups.#": "0",
                            "ingress.2541437006.self": "false",
                            "ingress.2541437006.to_port": "22",
                            "name": "allow_http",
                            "owner_id": "757350123744",
                            "tags.%": "0",
                            "vpc_id": "vpc-f88bd29f"
                        },
                        "meta": {},
                        "tainted": false
                    },
                    "deposed": [],
                    "provider": ""
                },
                "aws_subnet.pubnet1": {
                    "type": "aws_subnet",
                    "depends_on": [
                        "aws_vpc.aws_jbmtest"
                    ],
                    "primary": {
                        "id": "subnet-25c2557e",
                        "attributes": {
                            "assign_ipv6_address_on_creation": "false",
                            "availability_zone": "eu-west-1a",
                            "cidr_block": "172.23.1.0/24",
                            "id": "subnet-25c2557e",
                            "map_public_ip_on_launch": "false",
                            "tags.%": "0",
                            "vpc_id": "vpc-f88bd29f"
                        },
                        "meta": {
                            "schema_version": "1"
                        },
                        "tainted": false
                    },
                    "deposed": [],
                    "provider": ""
                },
                "aws_subnet.pubnet2": {
                    "type": "aws_subnet",
                    "depends_on": [
                        "aws_vpc.aws_jbmtest"
                    ],
                    "primary": {
                        "id": "subnet-f58cc792",
                        "attributes": {
                            "assign_ipv6_address_on_creation": "false",
                            "availability_zone": "eu-west-1b",
                            "cidr_block": "172.23.2.0/24",
                            "id": "subnet-f58cc792",
                            "map_public_ip_on_launch": "false",
                            "tags.%": "0",
                            "vpc_id": "vpc-f88bd29f"
                        },
                        "meta": {
                            "schema_version": "1"
                        },
                        "tainted": false
                    },
                    "deposed": [],
                    "provider": ""
                },
                "aws_vpc.aws_jbmtest": {
                    "type": "aws_vpc",
                    "depends_on": [],
                    "primary": {
                        "id": "vpc-f88bd29f",
                        "attributes": {
                            "assign_generated_ipv6_cidr_block": "false",
                            "cidr_block": "172.23.0.0/16",
                            "default_network_acl_id": "acl-60996706",
                            "default_route_table_id": "rtb-d2d05ab4",
                            "default_security_group_id": "sg-42a65d39",
                            "dhcp_options_id": "dopt-8503dce0",
                            "enable_classiclink": "false",
                            "enable_classiclink_dns_support": "false",
                            "enable_dns_hostnames": "false",
                            "enable_dns_support": "true",
                            "id": "vpc-f88bd29f",
                            "instance_tenancy": "default",
                            "main_route_table_id": "rtb-d2d05ab4",
                            "tags.%": "1",
                            "tags.Name": "vpcjbm"
                        },
                        "meta": {
                            "schema_version": "1"
                        },
                        "tainted": false
                    },
                    "deposed": [],
                    "provider": ""
                }
            },
            "depends_on": []
        }
    ]
}
