{
    "version": 3,
    "terraform_version": "0.10.7",
    "serial": 7,
    "lineage": "9e3635c1-1d92-4807-a72f-1eb762cfb7d2",
    "modules": [
        {
            "path": [
                "root"
            ],
            "outputs": {
                "subnet1": {
                    "sensitive": false,
                    "type": "string",
                    "value": "subnet-25c2557e"
                },
                "subnet2": {
                    "sensitive": false,
                    "type": "string",
                    "value": "subnet-f58cc792"
                },
                "vpc_id": {
                    "sensitive": false,
                    "type": "string",
                    "value": "vpc-f88bd29f"
                },
                "webinstance_publique_ip": {
                    "sensitive": false,
                    "type": "string",
                    "value": "54.77.246.122"
                }
            },
            "resources": {
                "aws_instance.web": {
                    "type": "aws_instance",
                    "depends_on": [
                        "data.aws_ami.ubuntu",
                        "data.template_file.userdatajbm",
                        "data.terraform_remote_state.rs_vpc"
                    ],
                    "primary": {
                        "id": "i-078a65a38e40fbbb8",
                        "attributes": {
                            "ami": "ami-eed00d97",
                            "associate_public_ip_address": "true",
                            "availability_zone": "eu-west-1a",
                            "disable_api_termination": "false",
                            "ebs_block_device.#": "0",
                            "ebs_optimized": "false",
                            "ephemeral_block_device.#": "0",
                            "iam_instance_profile": "",
                            "id": "i-078a65a38e40fbbb8",
                            "instance_state": "running",
                            "instance_type": "t2.micro",
                            "ipv6_addresses.#": "0",
                            "key_name": "JBM",
                            "monitoring": "false",
                            "network_interface.#": "0",
                            "network_interface_id": "eni-72a15872",
                            "primary_network_interface_id": "eni-72a15872",
                            "private_dns": "ip-172-23-1-67.eu-west-1.compute.internal",
                            "private_ip": "172.23.1.67",
                            "public_dns": "",
                            "public_ip": "54.77.246.122",
                            "root_block_device.#": "1",
                            "root_block_device.0.delete_on_termination": "true",
                            "root_block_device.0.iops": "100",
                            "root_block_device.0.volume_size": "8",
                            "root_block_device.0.volume_type": "gp2",
                            "security_groups.#": "0",
                            "source_dest_check": "true",
                            "subnet_id": "subnet-25c2557e",
                            "tags.%": "1",
                            "tags.Name": "helloword",
                            "tenancy": "default",
                            "user_data": "661d45945a43b1a2d19b7d497ba75a58d1dfe35a",
                            "volume_tags.%": "0",
                            "vpc_security_group_ids.#": "1",
                            "vpc_security_group_ids.2214850441": "sg-6b9a6110"
                        },
                        "meta": {
                            "e2bfb730-ecaa-11e6-8f88-34363bc7c4c0": {
                                "create": 600000000000,
                                "delete": 600000000000,
                                "update": 600000000000
                            },
                            "schema_version": "1"
                        },
                        "tainted": false
                    },
                    "deposed": [],
                    "provider": ""
                },
                "data.aws_ami.ubuntu": {
                    "type": "aws_ami",
                    "depends_on": [],
                    "primary": {
                        "id": "ami-eed00d97",
                        "attributes": {
                            "architecture": "x86_64",
                            "block_device_mappings.#": "3",
                            "block_device_mappings.1634610537.device_name": "/dev/sdb",
                            "block_device_mappings.1634610537.ebs.%": "0",
                            "block_device_mappings.1634610537.no_device": "",
                            "block_device_mappings.1634610537.virtual_name": "ephemeral0",
                            "block_device_mappings.2547816212.device_name": "/dev/sda1",
                            "block_device_mappings.2547816212.ebs.%": "6",
                            "block_device_mappings.2547816212.ebs.delete_on_termination": "true",
                            "block_device_mappings.2547816212.ebs.encrypted": "false",
                            "block_device_mappings.2547816212.ebs.iops": "0",
                            "block_device_mappings.2547816212.ebs.snapshot_id": "snap-081f2b4abff1a8f45",
                            "block_device_mappings.2547816212.ebs.volume_size": "8",
                            "block_device_mappings.2547816212.ebs.volume_type": "gp2",
                            "block_device_mappings.2547816212.no_device": "",
                            "block_device_mappings.2547816212.virtual_name": "",
                            "block_device_mappings.3850042718.device_name": "/dev/sdc",
                            "block_device_mappings.3850042718.ebs.%": "0",
                            "block_device_mappings.3850042718.no_device": "",
                            "block_device_mappings.3850042718.virtual_name": "ephemeral1",
                            "creation_date": "2017-10-13T19:37:12.000Z",
                            "description": "Canonical, Ubuntu, 16.04 LTS, amd64 xenial image build on 2017-10-11",
                            "filter.#": "2",
                            "filter.1585153008.name": "name",
                            "filter.1585153008.values.#": "1",
                            "filter.1585153008.values.0": "ubuntu/images/hvm-ssd/ubuntu-xenial-16.04-amd64-server-*",
                            "filter.490168357.name": "virtualization-type",
                            "filter.490168357.values.#": "1",
                            "filter.490168357.values.0": "hvm",
                            "hypervisor": "xen",
                            "id": "ami-eed00d97",
                            "image_id": "ami-eed00d97",
                            "image_location": "099720109477/ubuntu/images/hvm-ssd/ubuntu-xenial-16.04-amd64-server-20171011",
                            "image_type": "machine",
                            "most_recent": "true",
                            "name": "ubuntu/images/hvm-ssd/ubuntu-xenial-16.04-amd64-server-20171011",
                            "owner_id": "099720109477",
                            "owners.#": "1",
                            "owners.0": "099720109477",
                            "product_codes.#": "0",
                            "public": "true",
                            "root_device_name": "/dev/sda1",
                            "root_device_type": "ebs",
                            "root_snapshot_id": "snap-081f2b4abff1a8f45",
                            "sriov_net_support": "simple",
                            "state": "available",
                            "state_reason.%": "2",
                            "state_reason.code": "UNSET",
                            "state_reason.message": "UNSET",
                            "tags.%": "0",
                            "virtualization_type": "hvm"
                        },
                        "meta": {},
                        "tainted": false
                    },
                    "deposed": [],
                    "provider": ""
                },
                "data.template_file.userdatajbm": {
                    "type": "template_file",
                    "depends_on": [],
                    "primary": {
                        "id": "a4dd01b747a2dfc97421b4cf4068f4b35f5232927c8da32ef005730671260236",
                        "attributes": {
                            "id": "a4dd01b747a2dfc97421b4cf4068f4b35f5232927c8da32ef005730671260236",
                            "rendered": "#!/usr/bin/env bash\n\napt-get update -q\napt-get upgrade -y\napt-get install -y git nginx\nrm /etc/nginx/sites-enabled/default \ncat \u003e /etc/nginx/conf.d/webapp.conf \u003c\u003cEOF\nserver {\n    listen 80;\n    server_name _;\n    root /var/webapp;\n}\nEOF\n\n\nHOST=`hostname`\ngit clone https://github.com/d2si/webapp.git /var/webapp\nsed -i \"s#everybody#jbm at $HOST#\" /var/webapp/index.html\nsystemctl restart nginx\n#service nginx restart\n",
                            "template": "#!/usr/bin/env bash\n\napt-get update -q\napt-get upgrade -y\napt-get install -y git nginx\nrm /etc/nginx/sites-enabled/default \ncat \u003e /etc/nginx/conf.d/webapp.conf \u003c\u003cEOF\nserver {\n    listen 80;\n    server_name _;\n    root /var/webapp;\n}\nEOF\n\n\nHOST=`hostname`\ngit clone https://github.com/d2si/webapp.git /var/webapp\nsed -i \"s#everybody#${username} at $HOST#\" /var/webapp/index.html\nsystemctl restart nginx\n#service nginx restart\n",
                            "vars.%": "1",
                            "vars.username": "jbm"
                        },
                        "meta": {},
                        "tainted": false
                    },
                    "deposed": [],
                    "provider": ""
                },
                "data.terraform_remote_state.rs_vpc": {
                    "type": "terraform_remote_state",
                    "depends_on": [],
                    "primary": {
                        "id": "2017-10-25 11:54:12.179620671 +0000 UTC",
                        "attributes": {
                            "backend": "s3",
                            "config.%": "3",
                            "config.bucket": "jbm-tfstate",
                            "config.key": "vpc1/terraform.tfstate",
                            "config.region": "eu-west-1",
                            "environment": "default",
                            "id": "2017-10-25 11:54:12.179620671 +0000 UTC",
                            "sgjbm": "sg-6b9a6110",
                            "subnet1": "subnet-25c2557e",
                            "subnet2": "subnet-f58cc792",
                            "vpc_id": "vpc-f88bd29f"
                        },
                        "meta": {},
                        "tainted": false
                    },
                    "deposed": [],
                    "provider": ""
                }
            },
            "depends_on": []
        }
    ]
}
