{
    "version": 3,
    "terraform_version": "0.10.7",
    "serial": 4,
    "lineage": "8024d4dc-11d8-44f1-b974-d7a271ba6b80",
    "modules": [
        {
            "path": [
                "root"
            ],
            "outputs": {
                "webinstance_publique_ip": {
                    "sensitive": false,
                    "type": "string",
                    "value": "54.229.163.200"
                }
            },
            "resources": {
                "aws_instance.web": {
                    "type": "aws_instance",
                    "depends_on": [
                        "aws_security_group.allow_http",
                        "aws_subnet.pubnet1",
                        "data.aws_ami.ubuntu",
                        "data.template_file.userdatajbm"
                    ],
                    "primary": {
                        "id": "i-0808dfecaae319f68",
                        "attributes": {
                            "ami": "ami-eed00d97",
                            "associate_public_ip_address": "true",
                            "availability_zone": "eu-west-1a",
                            "disable_api_termination": "false",
                            "ebs_block_device.#": "0",
                            "ebs_optimized": "false",
                            "ephemeral_block_device.#": "0",
                            "iam_instance_profile": "",
                            "id": "i-0808dfecaae319f68",
                            "instance_state": "running",
                            "instance_type": "t2.micro",
                            "ipv6_addresses.#": "0",
                            "key_name": "JBM",
                            "monitoring": "false",
                            "network_interface.#": "0",
                            "network_interface_id": "eni-947c8394",
                            "primary_network_interface_id": "eni-947c8394",
                            "private_dns": "ip-172-23-1-187.eu-west-1.compute.internal",
                            "private_ip": "172.23.1.187",
                            "public_dns": "",
                            "public_ip": "54.229.163.200",
                            "root_block_device.#": "1",
                            "root_block_device.0.delete_on_termination": "true",
                            "root_block_device.0.iops": "100",
                            "root_block_device.0.volume_size": "8",
                            "root_block_device.0.volume_type": "gp2",
                            "security_groups.#": "0",
                            "source_dest_check": "true",
                            "subnet_id": "subnet-7c1b8f27",
                            "tags.%": "1",
                            "tags.Name": "helloword",
                            "tenancy": "default",
                            "user_data": "67d00d174029fa24b6fa6d82592202f4ba6eda71",
                            "volume_tags.%": "0",
                            "vpc_security_group_ids.#": "1",
                            "vpc_security_group_ids.626926181": "sg-50d0282b"
                        },
                        "meta": {
                            "e2bfb730-ecaa-11e6-8f88-34363bc7c4c0": {
                                "create": 600000000000,
                                "delete": 600000000000,
                                "update": 600000000000
                            },
                            "schema_version": "1"
                        },
                        "tainted": false
                    },
                    "deposed": [],
                    "provider": ""
                },
                "aws_internet_gateway.gateway_jbmtest": {
                    "type": "aws_internet_gateway",
                    "depends_on": [
                        "aws_vpc.aws_jbmtest"
                    ],
                    "primary": {
                        "id": "igw-0acd2b6d",
                        "attributes": {
                            "id": "igw-0acd2b6d",
                            "vpc_id": "vpc-4c570e2b"
                        },
                        "meta": {},
                        "tainted": false
                    },
                    "deposed": [],
                    "provider": ""
                },
                "aws_route_table.route_internet": {
                    "type": "aws_route_table",
                    "depends_on": [
                        "aws_internet_gateway.gateway_jbmtest",
                        "aws_vpc.aws_jbmtest"
                    ],
                    "primary": {
                        "id": "rtb-ee74ff88",
                        "attributes": {
                            "id": "rtb-ee74ff88",
                            "propagating_vgws.#": "0",
                            "route.#": "1",
                            "route.2141974988.cidr_block": "0.0.0.0/0",
                            "route.2141974988.egress_only_gateway_id": "",
                            "route.2141974988.gateway_id": "igw-0acd2b6d",
                            "route.2141974988.instance_id": "",
                            "route.2141974988.ipv6_cidr_block": "",
                            "route.2141974988.nat_gateway_id": "",
                            "route.2141974988.network_interface_id": "",
                            "route.2141974988.vpc_peering_connection_id": "",
                            "tags.%": "0",
                            "vpc_id": "vpc-4c570e2b"
                        },
                        "meta": {},
                        "tainted": false
                    },
                    "deposed": [],
                    "provider": ""
                },
                "aws_route_table_association.route_subnet1": {
                    "type": "aws_route_table_association",
                    "depends_on": [
                        "aws_route_table.route_internet",
                        "aws_subnet.pubnet1"
                    ],
                    "primary": {
                        "id": "rtbassoc-ea385493",
                        "attributes": {
                            "id": "rtbassoc-ea385493",
                            "route_table_id": "rtb-ee74ff88",
                            "subnet_id": "subnet-7c1b8f27"
                        },
                        "meta": {},
                        "tainted": false
                    },
                    "deposed": [],
                    "provider": ""
                },
                "aws_route_table_association.route_subnet2": {
                    "type": "aws_route_table_association",
                    "depends_on": [
                        "aws_route_table.route_internet",
                        "aws_subnet.pubnet2"
                    ],
                    "primary": {
                        "id": "rtbassoc-f23d518b",
                        "attributes": {
                            "id": "rtbassoc-f23d518b",
                            "route_table_id": "rtb-ee74ff88",
                            "subnet_id": "subnet-eb4d068c"
                        },
                        "meta": {},
                        "tainted": false
                    },
                    "deposed": [],
                    "provider": ""
                },
                "aws_security_group.allow_http": {
                    "type": "aws_security_group",
                    "depends_on": [
                        "aws_vpc.aws_jbmtest"
                    ],
                    "primary": {
                        "id": "sg-50d0282b",
                        "attributes": {
                            "description": "Allow all http traffic",
                            "egress.#": "1",
                            "egress.482069346.cidr_blocks.#": "1",
                            "egress.482069346.cidr_blocks.0": "0.0.0.0/0",
                            "egress.482069346.description": "",
                            "egress.482069346.from_port": "0",
                            "egress.482069346.ipv6_cidr_blocks.#": "0",
                            "egress.482069346.prefix_list_ids.#": "0",
                            "egress.482069346.protocol": "-1",
                            "egress.482069346.security_groups.#": "0",
                            "egress.482069346.self": "false",
                            "egress.482069346.to_port": "0",
                            "id": "sg-50d0282b",
                            "ingress.#": "2",
                            "ingress.2214680975.cidr_blocks.#": "1",
                            "ingress.2214680975.cidr_blocks.0": "0.0.0.0/0",
                            "ingress.2214680975.description": "",
                            "ingress.2214680975.from_port": "80",
                            "ingress.2214680975.ipv6_cidr_blocks.#": "0",
                            "ingress.2214680975.protocol": "TCP",
                            "ingress.2214680975.security_groups.#": "0",
                            "ingress.2214680975.self": "false",
                            "ingress.2214680975.to_port": "80",
                            "ingress.2541437006.cidr_blocks.#": "1",
                            "ingress.2541437006.cidr_blocks.0": "0.0.0.0/0",
                            "ingress.2541437006.description": "",
                            "ingress.2541437006.from_port": "22",
                            "ingress.2541437006.ipv6_cidr_blocks.#": "0",
                            "ingress.2541437006.protocol": "TCP",
                            "ingress.2541437006.security_groups.#": "0",
                            "ingress.2541437006.self": "false",
                            "ingress.2541437006.to_port": "22",
                            "name": "allow_http",
                            "owner_id": "757350123744",
                            "tags.%": "0",
                            "vpc_id": "vpc-4c570e2b"
                        },
                        "meta": {},
                        "tainted": false
                    },
                    "deposed": [],
                    "provider": ""
                },
                "aws_subnet.pubnet1": {
                    "type": "aws_subnet",
                    "depends_on": [
                        "aws_vpc.aws_jbmtest"
                    ],
                    "primary": {
                        "id": "subnet-7c1b8f27",
                        "attributes": {
                            "assign_ipv6_address_on_creation": "false",
                            "availability_zone": "eu-west-1a",
                            "cidr_block": "172.23.1.0/24",
                            "id": "subnet-7c1b8f27",
                            "map_public_ip_on_launch": "false",
                            "tags.%": "0",
                            "vpc_id": "vpc-4c570e2b"
                        },
                        "meta": {
                            "schema_version": "1"
                        },
                        "tainted": false
                    },
                    "deposed": [],
                    "provider": ""
                },
                "aws_subnet.pubnet2": {
                    "type": "aws_subnet",
                    "depends_on": [
                        "aws_vpc.aws_jbmtest"
                    ],
                    "primary": {
                        "id": "subnet-eb4d068c",
                        "attributes": {
                            "assign_ipv6_address_on_creation": "false",
                            "availability_zone": "eu-west-1b",
                            "cidr_block": "172.23.2.0/24",
                            "id": "subnet-eb4d068c",
                            "map_public_ip_on_launch": "false",
                            "tags.%": "0",
                            "vpc_id": "vpc-4c570e2b"
                        },
                        "meta": {
                            "schema_version": "1"
                        },
                        "tainted": false
                    },
                    "deposed": [],
                    "provider": ""
                },
                "aws_vpc.aws_jbmtest": {
                    "type": "aws_vpc",
                    "depends_on": [],
                    "primary": {
                        "id": "vpc-4c570e2b",
                        "attributes": {
                            "assign_generated_ipv6_cidr_block": "false",
                            "cidr_block": "172.23.0.0/16",
                            "default_network_acl_id": "acl-f1708f97",
                            "default_route_table_id": "rtb-e271fa84",
                            "default_security_group_id": "sg-e7d0289c",
                            "dhcp_options_id": "dopt-8503dce0",
                            "enable_classiclink": "false",
                            "enable_classiclink_dns_support": "false",
                            "enable_dns_hostnames": "false",
                            "enable_dns_support": "true",
                            "id": "vpc-4c570e2b",
                            "instance_tenancy": "default",
                            "main_route_table_id": "rtb-e271fa84",
                            "tags.%": "1",
                            "tags.Name": "vpcjbm"
                        },
                        "meta": {
                            "schema_version": "1"
                        },
                        "tainted": false
                    },
                    "deposed": [],
                    "provider": ""
                },
                "data.aws_ami.ubuntu": {
                    "type": "aws_ami",
                    "depends_on": [],
                    "primary": {
                        "id": "ami-eed00d97",
                        "attributes": {
                            "architecture": "x86_64",
                            "block_device_mappings.#": "3",
                            "block_device_mappings.1634610537.device_name": "/dev/sdb",
                            "block_device_mappings.1634610537.ebs.%": "0",
                            "block_device_mappings.1634610537.no_device": "",
                            "block_device_mappings.1634610537.virtual_name": "ephemeral0",
                            "block_device_mappings.2547816212.device_name": "/dev/sda1",
                            "block_device_mappings.2547816212.ebs.%": "6",
                            "block_device_mappings.2547816212.ebs.delete_on_termination": "true",
                            "block_device_mappings.2547816212.ebs.encrypted": "false",
                            "block_device_mappings.2547816212.ebs.iops": "0",
                            "block_device_mappings.2547816212.ebs.snapshot_id": "snap-081f2b4abff1a8f45",
                            "block_device_mappings.2547816212.ebs.volume_size": "8",
                            "block_device_mappings.2547816212.ebs.volume_type": "gp2",
                            "block_device_mappings.2547816212.no_device": "",
                            "block_device_mappings.2547816212.virtual_name": "",
                            "block_device_mappings.3850042718.device_name": "/dev/sdc",
                            "block_device_mappings.3850042718.ebs.%": "0",
                            "block_device_mappings.3850042718.no_device": "",
                            "block_device_mappings.3850042718.virtual_name": "ephemeral1",
                            "creation_date": "2017-10-13T19:37:12.000Z",
                            "description": "Canonical, Ubuntu, 16.04 LTS, amd64 xenial image build on 2017-10-11",
                            "filter.#": "2",
                            "filter.1585153008.name": "name",
                            "filter.1585153008.values.#": "1",
                            "filter.1585153008.values.0": "ubuntu/images/hvm-ssd/ubuntu-xenial-16.04-amd64-server-*",
                            "filter.490168357.name": "virtualization-type",
                            "filter.490168357.values.#": "1",
                            "filter.490168357.values.0": "hvm",
                            "hypervisor": "xen",
                            "id": "ami-eed00d97",
                            "image_id": "ami-eed00d97",
                            "image_location": "099720109477/ubuntu/images/hvm-ssd/ubuntu-xenial-16.04-amd64-server-20171011",
                            "image_type": "machine",
                            "most_recent": "true",
                            "name": "ubuntu/images/hvm-ssd/ubuntu-xenial-16.04-amd64-server-20171011",
                            "owner_id": "099720109477",
                            "owners.#": "1",
                            "owners.0": "099720109477",
                            "product_codes.#": "0",
                            "public": "true",
                            "root_device_name": "/dev/sda1",
                            "root_device_type": "ebs",
                            "root_snapshot_id": "snap-081f2b4abff1a8f45",
                            "sriov_net_support": "simple",
                            "state": "available",
                            "state_reason.%": "2",
                            "state_reason.code": "UNSET",
                            "state_reason.message": "UNSET",
                            "tags.%": "0",
                            "virtualization_type": "hvm"
                        },
                        "meta": {},
                        "tainted": false
                    },
                    "deposed": [],
                    "provider": ""
                },
                "data.template_file.userdatajbm": {
                    "type": "template_file",
                    "depends_on": [],
                    "primary": {
                        "id": "902955067a90574c8d87b7fb7d36b23462ef5901b4b94c4e3efbff63e8ed9cd1",
                        "attributes": {
                            "id": "902955067a90574c8d87b7fb7d36b23462ef5901b4b94c4e3efbff63e8ed9cd1",
                            "rendered": "#!/usr/bin/env bash\n\napt-get update -q\napt-get upgrade -y\napt-get install -y git nginx\nrm /etc/nginx/sites-enabled/default \ncat \u003e /etc/nginx/conf.d/webapp.conf \u003c\u003cEOF\nserver {\n    listen 80;\n    server_name _;\n    root /var/webapp;\n}\nEOF\n\nHOST=`hostname`\ngit clone https://github.com/d2si/webapp.git /var/webapp\nsed -i \"s#everybody#jbm at $HOST#\" /var/webapp/index.html\nsystemctl restart nginx\n#service nginx restart\n",
                            "template": "#!/usr/bin/env bash\n\napt-get update -q\napt-get upgrade -y\napt-get install -y git nginx\nrm /etc/nginx/sites-enabled/default \ncat \u003e /etc/nginx/conf.d/webapp.conf \u003c\u003cEOF\nserver {\n    listen 80;\n    server_name _;\n    root /var/webapp;\n}\nEOF\n\nHOST=`hostname`\ngit clone https://github.com/d2si/webapp.git /var/webapp\nsed -i \"s#everybody#${username} at $HOST#\" /var/webapp/index.html\nsystemctl restart nginx\n#service nginx restart\n",
                            "vars.%": "1",
                            "vars.username": "jbm"
                        },
                        "meta": {},
                        "tainted": false
                    },
                    "deposed": [],
                    "provider": ""
                }
            },
            "depends_on": []
        }
    ]
}
